
Microsoft Visual Studio Solution File, Format Version 12.00
# Visual Studio Version 16
VisualStudioVersion = 16.0.32106.194
MinimumVisualStudioVersion = 10.0.40219.1
Project("{FAE04EC0-301F-11D3-BF4B-00C04F79EFBC}") = "Eazy Project III", "Eazy Project III\Eazy Project III.csproj", "{B81EC6E4-F8DC-4A11-8857-1464DCF65EB3}"
EndProject
Project("{FAE04EC0-301F-11D3-BF4B-00C04F79EFBC}") = "JetEazy", "JetEazy\JetEazy.csproj", "{A24458C1-B3AC-462A-8B42-DAFD1D420E19}"
EndProject
Project("{2150E333-8FDC-42A3-9474-1A3956D46DE8}") = "Utility", "Utility", "{16D82DC0-A308-40B0-A5E8-4B506E8C9E0A}"
EndProject
Project("{FAE04EC0-301F-11D3-BF4B-00C04F79EFBC}") = "JzDisplay", "JzDisplay\JzDisplay.csproj", "{CFB82D4A-7F2E-40F6-AB40-34C043FBA2C9}"
EndProject
Project("{FAE04EC0-301F-11D3-BF4B-00C04F79EFBC}") = "Eazy Project Interface", "Eazy Project Interface\Eazy Project Interface.csproj", "{5B8A94DC-98DA-4330-A5A8-89D9CE06410F}"
EndProject
Project("{FAE04EC0-301F-11D3-BF4B-00C04F79EFBC}") = "Eazy Project Module", "Eazy Project Module\Eazy Project Module.csproj", "{CEF15868-98A6-400A-9AF9-A9849C0EE3E8}"
EndProject
Project("{FAE04EC0-301F-11D3-BF4B-00C04F79EFBC}") = "Eazy Project Measure", "Eazy Project Measure\Eazy Project Measure.csproj", "{3C6431A8-AE4D-4CFC-BECC-FF1DC973ADBC}"
EndProject
Global
	GlobalSection(SolutionConfigurationPlatforms) = preSolution
		Debug|Any CPU = Debug|Any CPU
		Debug|x64 = Debug|x64
		Debug|x86 = Debug|x86
		Release|Any CPU = Release|Any CPU
		Release|x64 = Release|x64
		Release|x86 = Release|x86
	EndGlobalSection
	GlobalSection(ProjectConfigurationPlatforms) = postSolution
		{B81EC6E4-F8DC-4A11-8857-1464DCF65EB3}.Debug|Any CPU.ActiveCfg = Debug|Any CPU
		{B81EC6E4-F8DC-4A11-8857-1464DCF65EB3}.Debug|Any CPU.Build.0 = Debug|Any CPU
		{B81EC6E4-F8DC-4A11-8857-1464DCF65EB3}.Debug|x64.ActiveCfg = Debug|Any CPU
		{B81EC6E4-F8DC-4A11-8857-1464DCF65EB3}.Debug|x64.Build.0 = Debug|Any CPU
		{B81EC6E4-F8DC-4A11-8857-1464DCF65EB3}.Debug|x86.ActiveCfg = Debug|Any CPU
		{B81EC6E4-F8DC-4A11-8857-1464DCF65EB3}.Debug|x86.Build.0 = Debug|Any CPU
		{B81EC6E4-F8DC-4A11-8857-1464DCF65EB3}.Release|Any CPU.ActiveCfg = Release|Any CPU
		{B81EC6E4-F8DC-4A11-8857-1464DCF65EB3}.Release|Any CPU.Build.0 = Release|Any CPU
		{B81EC6E4-F8DC-4A11-8857-1464DCF65EB3}.Release|x64.ActiveCfg = Release|Any CPU
		{B81EC6E4-F8DC-4A11-8857-1464DCF65EB3}.Release|x64.Build.0 = Release|Any CPU
		{B81EC6E4-F8DC-4A11-8857-1464DCF65EB3}.Release|x86.ActiveCfg = Release|Any CPU
		{B81EC6E4-F8DC-4A11-8857-1464DCF65EB3}.Release|x86.Build.0 = Release|Any CPU
		{A24458C1-B3AC-462A-8B42-DAFD1D420E19}.Debug|Any CPU.ActiveCfg = Debug|Any CPU
		{A24458C1-B3AC-462A-8B42-DAFD1D420E19}.Debug|Any CPU.Build.0 = Debug|Any CPU
		{A24458C1-B3AC-462A-8B42-DAFD1D420E19}.Debug|x64.ActiveCfg = Debug|Any CPU
		{A24458C1-B3AC-462A-8B42-DAFD1D420E19}.Debug|x64.Build.0 = Debug|Any CPU
		{A24458C1-B3AC-462A-8B42-DAFD1D420E19}.Debug|x86.ActiveCfg = Debug|Any CPU
		{A24458C1-B3AC-462A-8B42-DAFD1D420E19}.Debug|x86.Build.0 = Debug|Any CPU
		{A24458C1-B3AC-462A-8B42-DAFD1D420E19}.Release|Any CPU.ActiveCfg = Release|Any CPU
		{A24458C1-B3AC-462A-8B42-DAFD1D420E19}.Release|Any CPU.Build.0 = Release|Any CPU
		{A24458C1-B3AC-462A-8B42-DAFD1D420E19}.Release|x64.ActiveCfg = Release|Any CPU
		{A24458C1-B3AC-462A-8B42-DAFD1D420E19}.Release|x64.Build.0 = Release|Any CPU
		{A24458C1-B3AC-462A-8B42-DAFD1D420E19}.Release|x86.ActiveCfg = Release|Any CPU
		{A24458C1-B3AC-462A-8B42-DAFD1D420E19}.Release|x86.Build.0 = Release|Any CPU
		{CFB82D4A-7F2E-40F6-AB40-34C043FBA2C9}.Debug|Any CPU.ActiveCfg = Debug|Any CPU
		{CFB82D4A-7F2E-40F6-AB40-34C043FBA2C9}.Debug|Any CPU.Build.0 = Debug|Any CPU
		{CFB82D4A-7F2E-40F6-AB40-34C043FBA2C9}.Debug|x64.ActiveCfg = Debug|x64
		{CFB82D4A-7F2E-40F6-AB40-34C043FBA2C9}.Debug|x64.Build.0 = Debug|x64
		{CFB82D4A-7F2E-40F6-AB40-34C043FBA2C9}.Debug|x86.ActiveCfg = Debug|x86
		{CFB82D4A-7F2E-40F6-AB40-34C043FBA2C9}.Debug|x86.Build.0 = Debug|x86
		{CFB82D4A-7F2E-40F6-AB40-34C043FBA2C9}.Release|Any CPU.ActiveCfg = Release|Any CPU
		{CFB82D4A-7F2E-40F6-AB40-34C043FBA2C9}.Release|Any CPU.Build.0 = Release|Any CPU
		{CFB82D4A-7F2E-40F6-AB40-34C043FBA2C9}.Release|x64.ActiveCfg = Release|x64
		{CFB82D4A-7F2E-40F6-AB40-34C043FBA2C9}.Release|x64.Build.0 = Release|x64
		{CFB82D4A-7F2E-40F6-AB40-34C043FBA2C9}.Release|x86.ActiveCfg = Release|x86
		{CFB82D4A-7F2E-40F6-AB40-34C043FBA2C9}.Release|x86.Build.0 = Release|x86
		{5B8A94DC-98DA-4330-A5A8-89D9CE06410F}.Debug|Any CPU.ActiveCfg = Debug|Any CPU
		{5B8A94DC-98DA-4330-A5A8-89D9CE06410F}.Debug|Any CPU.Build.0 = Debug|Any CPU
		{5B8A94DC-98DA-4330-A5A8-89D9CE06410F}.Debug|x64.ActiveCfg = Debug|Any CPU
		{5B8A94DC-98DA-4330-A5A8-89D9CE06410F}.Debug|x64.Build.0 = Debug|Any CPU
		{5B8A94DC-98DA-4330-A5A8-89D9CE06410F}.Debug|x86.ActiveCfg = Debug|Any CPU
		{5B8A94DC-98DA-4330-A5A8-89D9CE06410F}.Debug|x86.Build.0 = Debug|Any CPU
		{5B8A94DC-98DA-4330-A5A8-89D9CE06410F}.Release|Any CPU.ActiveCfg = Release|Any CPU
		{5B8A94DC-98DA-4330-A5A8-89D9CE06410F}.Release|Any CPU.Build.0 = Release|Any CPU
		{5B8A94DC-98DA-4330-A5A8-89D9CE06410F}.Release|x64.ActiveCfg = Release|Any CPU
		{5B8A94DC-98DA-4330-A5A8-89D9CE06410F}.Release|x64.Build.0 = Release|Any CPU
		{5B8A94DC-98DA-4330-A5A8-89D9CE06410F}.Release|x86.ActiveCfg = Release|Any CPU
		{5B8A94DC-98DA-4330-A5A8-89D9CE06410F}.Release|x86.Build.0 = Release|Any CPU
		{CEF15868-98A6-400A-9AF9-A9849C0EE3E8}.Debug|Any CPU.ActiveCfg = Debug|Any CPU
		{CEF15868-98A6-400A-9AF9-A9849C0EE3E8}.Debug|Any CPU.Build.0 = Debug|Any CPU
		{CEF15868-98A6-400A-9AF9-A9849C0EE3E8}.Debug|x64.ActiveCfg = Debug|Any CPU
		{CEF15868-98A6-400A-9AF9-A9849C0EE3E8}.Debug|x64.Build.0 = Debug|Any CPU
		{CEF15868-98A6-400A-9AF9-A9849C0EE3E8}.Debug|x86.ActiveCfg = Debug|Any CPU
		{CEF15868-98A6-400A-9AF9-A9849C0EE3E8}.Debug|x86.Build.0 = Debug|Any CPU
		{CEF15868-98A6-400A-9AF9-A9849C0EE3E8}.Release|Any CPU.ActiveCfg = Release|Any CPU
		{CEF15868-98A6-400A-9AF9-A9849C0EE3E8}.Release|Any CPU.Build.0 = Release|Any CPU
		{CEF15868-98A6-400A-9AF9-A9849C0EE3E8}.Release|x64.ActiveCfg = Release|Any CPU
		{CEF15868-98A6-400A-9AF9-A9849C0EE3E8}.Release|x64.Build.0 = Release|Any CPU
		{CEF15868-98A6-400A-9AF9-A9849C0EE3E8}.Release|x86.ActiveCfg = Release|Any CPU
		{CEF15868-98A6-400A-9AF9-A9849C0EE3E8}.Release|x86.Build.0 = Release|Any CPU
		{3C6431A8-AE4D-4CFC-BECC-FF1DC973ADBC}.Debug|Any CPU.ActiveCfg = Debug|Any CPU
		{3C6431A8-AE4D-4CFC-BECC-FF1DC973ADBC}.Debug|Any CPU.Build.0 = Debug|Any CPU
		{3C6431A8-AE4D-4CFC-BECC-FF1DC973ADBC}.Debug|x64.ActiveCfg = Debug|Any CPU
		{3C6431A8-AE4D-4CFC-BECC-FF1DC973ADBC}.Debug|x64.Build.0 = Debug|Any CPU
		{3C6431A8-AE4D-4CFC-BECC-FF1DC973ADBC}.Debug|x86.ActiveCfg = Debug|Any CPU
		{3C6431A8-AE4D-4CFC-BECC-FF1DC973ADBC}.Debug|x86.Build.0 = Debug|Any CPU
		{3C6431A8-AE4D-4CFC-BECC-FF1DC973ADBC}.Release|Any CPU.ActiveCfg = Release|Any CPU
		{3C6431A8-AE4D-4CFC-BECC-FF1DC973ADBC}.Release|Any CPU.Build.0 = Release|Any CPU
		{3C6431A8-AE4D-4CFC-BECC-FF1DC973ADBC}.Release|x64.ActiveCfg = Release|Any CPU
		{3C6431A8-AE4D-4CFC-BECC-FF1DC973ADBC}.Release|x64.Build.0 = Release|Any CPU
		{3C6431A8-AE4D-4CFC-BECC-FF1DC973ADBC}.Release|x86.ActiveCfg = Release|Any CPU
		{3C6431A8-AE4D-4CFC-BECC-FF1DC973ADBC}.Release|x86.Build.0 = Release|Any CPU
	EndGlobalSection
	GlobalSection(SolutionProperties) = preSolution
		HideSolutionNode = FALSE
	EndGlobalSection
	GlobalSection(NestedProjects) = preSolution
		{A24458C1-B3AC-462A-8B42-DAFD1D420E19} = {16D82DC0-A308-40B0-A5E8-4B506E8C9E0A}
		{CFB82D4A-7F2E-40F6-AB40-34C043FBA2C9} = {16D82DC0-A308-40B0-A5E8-4B506E8C9E0A}
		{5B8A94DC-98DA-4330-A5A8-89D9CE06410F} = {16D82DC0-A308-40B0-A5E8-4B506E8C9E0A}
		{CEF15868-98A6-400A-9AF9-A9849C0EE3E8} = {16D82DC0-A308-40B0-A5E8-4B506E8C9E0A}
		{3C6431A8-AE4D-4CFC-BECC-FF1DC973ADBC} = {16D82DC0-A308-40B0-A5E8-4B506E8C9E0A}
	EndGlobalSection
	GlobalSection(ExtensibilityGlobals) = postSolution
		SolutionGuid = {2675DE44-C265-4406-923B-936DEE9A92E8}
	EndGlobalSection
EndGlobal
